{
  "name": "food-app",
  "lockfileVersion": 3,
  "requires": true,
  "packages": {
    "": {
      "dependencies": {
        "lucide": "^1.0.0-rc.1"
      }
    },
    "node_modules/lucide": {
      "version": "1.0.0-rc.1",
      "resolved": "https://registry.npmjs.org/lucide/-/lucide-1.0.0-rc.1.tgz",
      "integrity": "sha512-6v3RPWhx4ry0DmQ/jPcOYPCp0P+w/KjMkNEEEp18wxikziriH9GMmFwtRgB0hit0R2jPol7NGXCfBNj1Muw2eA==",
      "license": "ISC"
    }
  }
}
